
Microsoft Visual Studio Solution File, Format Version 12.00
# Visual Studio 15
VisualStudioVersion = 15.0.27703.2026
MinimumVisualStudioVersion = 10.0.40219.1
Project("{FAE04EC0-301F-11D3-BF4B-00C04F79EFBC}") = "KDContest", "KDContest\KDContest.csproj", "{2E029DCC-EE83-46AD-A390-55E835C15624}"
EndProject
Global
	GlobalSection(SolutionConfigurationPlatforms) = preSolution
		Debug|Any CPU = Debug|Any CPU
		Release|Any CPU = Release|Any CPU
	EndGlobalSection
	GlobalSection(ProjectConfigurationPlatforms) = postSolution
		{2E029DCC-EE83-46AD-A390-55E835C15624}.Debug|Any CPU.ActiveCfg = Debug|Any CPU
		{2E029DCC-EE83-46AD-A390-55E835C15624}.Debug|Any CPU.Build.0 = Debug|Any CPU
		{2E029DCC-EE83-46AD-A390-55E835C15624}.Release|Any CPU.ActiveCfg = Release|Any CPU
		{2E029DCC-EE83-46AD-A390-55E835C15624}.Release|Any CPU.Build.0 = Release|Any CPU
	EndGlobalSection
	GlobalSection(SolutionProperties) = preSolution
		HideSolutionNode = FALSE
	EndGlobalSection
	GlobalSection(ExtensibilityGlobals) = postSolution
		SolutionGuid = {4C30F7D0-5B93-4A0F-90B5-063C71341326}
	EndGlobalSection
EndGlobal
