
Microsoft Visual Studio Solution File, Format Version 12.00
# Visual Studio 15
VisualStudioVersion = 15.0.27703.2026
MinimumVisualStudioVersion = 10.0.40219.1
Project("{FAE04EC0-301F-11D3-BF4B-00C04F79EFBC}") = "WebApp", "WebApp\WebApp.csproj", "{9322973E-E3A2-4907-AAFA-F9D7A48C7E60}"
EndProject
Project("{FAE04EC0-301F-11D3-BF4B-00C04F79EFBC}") = "WestWindSystem", "WestWindSystem\WestWindSystem.csproj", "{FF4ED39D-CB38-46E6-BF56-8D46B98D6890}"
EndProject
Project("{FAE04EC0-301F-11D3-BF4B-00C04F79EFBC}") = "WestWindModels", "WestWindModels\WestWindModels.csproj", "{D4BC81E0-536D-4F2B-B01B-19837A024CB0}"
EndProject
Global
	GlobalSection(SolutionConfigurationPlatforms) = preSolution
		Debug|Any CPU = Debug|Any CPU
		Release|Any CPU = Release|Any CPU
	EndGlobalSection
	GlobalSection(ProjectConfigurationPlatforms) = postSolution
		{9322973E-E3A2-4907-AAFA-F9D7A48C7E60}.Debug|Any CPU.ActiveCfg = Debug|Any CPU
		{9322973E-E3A2-4907-AAFA-F9D7A48C7E60}.Debug|Any CPU.Build.0 = Debug|Any CPU
		{9322973E-E3A2-4907-AAFA-F9D7A48C7E60}.Release|Any CPU.ActiveCfg = Release|Any CPU
		{9322973E-E3A2-4907-AAFA-F9D7A48C7E60}.Release|Any CPU.Build.0 = Release|Any CPU
		{FF4ED39D-CB38-46E6-BF56-8D46B98D6890}.Debug|Any CPU.ActiveCfg = Debug|Any CPU
		{FF4ED39D-CB38-46E6-BF56-8D46B98D6890}.Debug|Any CPU.Build.0 = Debug|Any CPU
		{FF4ED39D-CB38-46E6-BF56-8D46B98D6890}.Release|Any CPU.ActiveCfg = Release|Any CPU
		{FF4ED39D-CB38-46E6-BF56-8D46B98D6890}.Release|Any CPU.Build.0 = Release|Any CPU
		{D4BC81E0-536D-4F2B-B01B-19837A024CB0}.Debug|Any CPU.ActiveCfg = Debug|Any CPU
		{D4BC81E0-536D-4F2B-B01B-19837A024CB0}.Debug|Any CPU.Build.0 = Debug|Any CPU
		{D4BC81E0-536D-4F2B-B01B-19837A024CB0}.Release|Any CPU.ActiveCfg = Release|Any CPU
		{D4BC81E0-536D-4F2B-B01B-19837A024CB0}.Release|Any CPU.Build.0 = Release|Any CPU
	EndGlobalSection
	GlobalSection(SolutionProperties) = preSolution
		HideSolutionNode = FALSE
	EndGlobalSection
	GlobalSection(ExtensibilityGlobals) = postSolution
		SolutionGuid = {3575A3F0-28FE-42F9-B672-D328E36F4FFF}
	EndGlobalSection
EndGlobal
