
Microsoft Visual Studio Solution File, Format Version 12.00
# Visual Studio 15
VisualStudioVersion = 15.0.27703.2026
MinimumVisualStudioVersion = 10.0.40219.1
Project("{FAE04EC0-301F-11D3-BF4B-00C04F79EFBC}") = "Sandbox", "Sandbox\Sandbox.csproj", "{4301754E-C59B-41DA-8476-9393E60D9FCF}"
EndProject
Global
	GlobalSection(SolutionConfigurationPlatforms) = preSolution
		Debug|Any CPU = Debug|Any CPU
		Release|Any CPU = Release|Any CPU
	EndGlobalSection
	GlobalSection(ProjectConfigurationPlatforms) = postSolution
		{4301754E-C59B-41DA-8476-9393E60D9FCF}.Debug|Any CPU.ActiveCfg = Debug|Any CPU
		{4301754E-C59B-41DA-8476-9393E60D9FCF}.Debug|Any CPU.Build.0 = Debug|Any CPU
		{4301754E-C59B-41DA-8476-9393E60D9FCF}.Release|Any CPU.ActiveCfg = Release|Any CPU
		{4301754E-C59B-41DA-8476-9393E60D9FCF}.Release|Any CPU.Build.0 = Release|Any CPU
	EndGlobalSection
	GlobalSection(SolutionProperties) = preSolution
		HideSolutionNode = FALSE
	EndGlobalSection
	GlobalSection(ExtensibilityGlobals) = postSolution
		SolutionGuid = {226F5AF3-6233-4B4C-BBF4-38AC8F28EA65}
	EndGlobalSection
EndGlobal
