
Microsoft Visual Studio Solution File, Format Version 12.00
# Visual Studio 15
VisualStudioVersion = 15.0.27703.2026
MinimumVisualStudioVersion = 10.0.40219.1
Project("{FAE04EC0-301F-11D3-BF4B-00C04F79EFBC}") = "DemoClasses", "DemoClasses\DemoClasses.csproj", "{96D549F8-A49D-4F8E-8568-B269A0B7942F}"
EndProject
Global
	GlobalSection(SolutionConfigurationPlatforms) = preSolution
		Debug|Any CPU = Debug|Any CPU
		Release|Any CPU = Release|Any CPU
	EndGlobalSection
	GlobalSection(ProjectConfigurationPlatforms) = postSolution
		{96D549F8-A49D-4F8E-8568-B269A0B7942F}.Debug|Any CPU.ActiveCfg = Debug|Any CPU
		{96D549F8-A49D-4F8E-8568-B269A0B7942F}.Debug|Any CPU.Build.0 = Debug|Any CPU
		{96D549F8-A49D-4F8E-8568-B269A0B7942F}.Release|Any CPU.ActiveCfg = Release|Any CPU
		{96D549F8-A49D-4F8E-8568-B269A0B7942F}.Release|Any CPU.Build.0 = Release|Any CPU
	EndGlobalSection
	GlobalSection(SolutionProperties) = preSolution
		HideSolutionNode = FALSE
	EndGlobalSection
	GlobalSection(ExtensibilityGlobals) = postSolution
		SolutionGuid = {4CDAF6E0-DF39-4D81-BF95-34D7F457A1C1}
	EndGlobalSection
EndGlobal
