
Microsoft Visual Studio Solution File, Format Version 12.00
# Visual Studio 15
VisualStudioVersion = 15.0.27703.2026
MinimumVisualStudioVersion = 10.0.40219.1
Project("{FAE04EC0-301F-11D3-BF4B-00C04F79EFBC}") = "FairviewMall.RandomData", "FairviewMall.RandomData\FairviewMall.RandomData.csproj", "{CAFADCC9-7FC9-4315-92F2-1D06BF884F87}"
EndProject
Project("{FAE04EC0-301F-11D3-BF4B-00C04F79EFBC}") = "FairviewMall.Framework", "FairviewMall.Framework\FairviewMall.Framework.csproj", "{A6118ABA-9613-48AB-85FB-2AED2336C2B2}"
EndProject
Global
	GlobalSection(SolutionConfigurationPlatforms) = preSolution
		Debug|Any CPU = Debug|Any CPU
		Release|Any CPU = Release|Any CPU
	EndGlobalSection
	GlobalSection(ProjectConfigurationPlatforms) = postSolution
		{A6118ABA-9613-48AB-85FB-2AED2336C2B2}.Debug|Any CPU.ActiveCfg = Debug|Any CPU
		{A6118ABA-9613-48AB-85FB-2AED2336C2B2}.Debug|Any CPU.Build.0 = Debug|Any CPU
		{A6118ABA-9613-48AB-85FB-2AED2336C2B2}.Release|Any CPU.ActiveCfg = Release|Any CPU
		{A6118ABA-9613-48AB-85FB-2AED2336C2B2}.Release|Any CPU.Build.0 = Release|Any CPU
		{CAFADCC9-7FC9-4315-92F2-1D06BF884F87}.Debug|Any CPU.ActiveCfg = Debug|Any CPU
		{CAFADCC9-7FC9-4315-92F2-1D06BF884F87}.Debug|Any CPU.Build.0 = Debug|Any CPU
		{CAFADCC9-7FC9-4315-92F2-1D06BF884F87}.Release|Any CPU.ActiveCfg = Release|Any CPU
		{CAFADCC9-7FC9-4315-92F2-1D06BF884F87}.Release|Any CPU.Build.0 = Release|Any CPU
	EndGlobalSection
	GlobalSection(SolutionProperties) = preSolution
		HideSolutionNode = FALSE
	EndGlobalSection
	GlobalSection(ExtensibilityGlobals) = postSolution
		SolutionGuid = {834BFC75-1DEB-4863-8607-B64363148E60}
	EndGlobalSection
EndGlobal
