
Microsoft Visual Studio Solution File, Format Version 12.00
# Visual Studio 15
VisualStudioVersion = 15.0.27703.2026
MinimumVisualStudioVersion = 10.0.40219.1
Project("{FAE04EC0-301F-11D3-BF4B-00C04F79EFBC}") = "AssortedConcepts", "AssortedConcepts\AssortedConcepts.csproj", "{EEF971D3-2643-4422-A549-AF2F673D7EAB}"
EndProject
Global
	GlobalSection(SolutionConfigurationPlatforms) = preSolution
		Debug|Any CPU = Debug|Any CPU
		Release|Any CPU = Release|Any CPU
	EndGlobalSection
	GlobalSection(ProjectConfigurationPlatforms) = postSolution
		{EEF971D3-2643-4422-A549-AF2F673D7EAB}.Debug|Any CPU.ActiveCfg = Debug|Any CPU
		{EEF971D3-2643-4422-A549-AF2F673D7EAB}.Debug|Any CPU.Build.0 = Debug|Any CPU
		{EEF971D3-2643-4422-A549-AF2F673D7EAB}.Release|Any CPU.ActiveCfg = Release|Any CPU
		{EEF971D3-2643-4422-A549-AF2F673D7EAB}.Release|Any CPU.Build.0 = Release|Any CPU
	EndGlobalSection
	GlobalSection(SolutionProperties) = preSolution
		HideSolutionNode = FALSE
	EndGlobalSection
	GlobalSection(ExtensibilityGlobals) = postSolution
		SolutionGuid = {74F1575D-1659-4F18-80A2-A57C479FCBCF}
	EndGlobalSection
EndGlobal
