
Microsoft Visual Studio Solution File, Format Version 12.00
# Visual Studio 15
VisualStudioVersion = 15.0.27703.2026
MinimumVisualStudioVersion = 10.0.40219.1
Project("{FAE04EC0-301F-11D3-BF4B-00C04F79EFBC}") = "More Inheritance", "More Inheritance\More Inheritance.csproj", "{E2F91E9C-0584-4C0B-A287-B53689650C99}"
EndProject
Global
	GlobalSection(SolutionConfigurationPlatforms) = preSolution
		Debug|x86 = Debug|x86
		Release|x86 = Release|x86
	EndGlobalSection
	GlobalSection(ProjectConfigurationPlatforms) = postSolution
		{E2F91E9C-0584-4C0B-A287-B53689650C99}.Debug|x86.ActiveCfg = Debug|x86
		{E2F91E9C-0584-4C0B-A287-B53689650C99}.Debug|x86.Build.0 = Debug|x86
		{E2F91E9C-0584-4C0B-A287-B53689650C99}.Release|x86.ActiveCfg = Release|x86
		{E2F91E9C-0584-4C0B-A287-B53689650C99}.Release|x86.Build.0 = Release|x86
	EndGlobalSection
	GlobalSection(SolutionProperties) = preSolution
		HideSolutionNode = FALSE
	EndGlobalSection
	GlobalSection(ExtensibilityGlobals) = postSolution
		SolutionGuid = {6AD3836D-C566-49B5-8D66-58FCB4FAE716}
	EndGlobalSection
EndGlobal
