
Microsoft Visual Studio Solution File, Format Version 12.00
# Visual Studio 15
VisualStudioVersion = 15.0.27703.2026
MinimumVisualStudioVersion = 10.0.40219.1
Project("{FAE04EC0-301F-11D3-BF4B-00C04F79EFBC}") = "ConsoleApp1", "ConsoleApp1\ConsoleApp1.csproj", "{401DE736-43C8-4934-A24F-9B8E283FFC43}"
EndProject
Global
	GlobalSection(SolutionConfigurationPlatforms) = preSolution
		Debug|Any CPU = Debug|Any CPU
		Release|Any CPU = Release|Any CPU
	EndGlobalSection
	GlobalSection(ProjectConfigurationPlatforms) = postSolution
		{401DE736-43C8-4934-A24F-9B8E283FFC43}.Debug|Any CPU.ActiveCfg = Debug|Any CPU
		{401DE736-43C8-4934-A24F-9B8E283FFC43}.Debug|Any CPU.Build.0 = Debug|Any CPU
		{401DE736-43C8-4934-A24F-9B8E283FFC43}.Release|Any CPU.ActiveCfg = Release|Any CPU
		{401DE736-43C8-4934-A24F-9B8E283FFC43}.Release|Any CPU.Build.0 = Release|Any CPU
	EndGlobalSection
	GlobalSection(SolutionProperties) = preSolution
		HideSolutionNode = FALSE
	EndGlobalSection
	GlobalSection(ExtensibilityGlobals) = postSolution
		SolutionGuid = {DB471B2E-71AA-4000-A6EB-935C36F077C7}
	EndGlobalSection
EndGlobal
